
Microsoft Visual Studio Solution File, Format Version 12.00
Project("{FAE04EC0-301F-11D3-BF4B-00C04F79EFBC}") = "DSLPipeline", "DSLPipeline\DSLPipeline.csproj", "{A88BE367-EA37-4A13-9C8D-A1EFC839F4CA}"
EndProject
Project("{FAE04EC0-301F-11D3-BF4B-00C04F79EFBC}") = "DSLTests", "DSLTests\DSLTests.csproj", "{30AA69D3-E614-4489-8797-F4B05FDDB946}"
EndProject
Global
	GlobalSection(SolutionConfigurationPlatforms) = preSolution
		Debug|Any CPU = Debug|Any CPU
		Release|Any CPU = Release|Any CPU
	EndGlobalSection
	GlobalSection(ProjectConfigurationPlatforms) = postSolution
		{A88BE367-EA37-4A13-9C8D-A1EFC839F4CA}.Debug|Any CPU.ActiveCfg = Debug|Any CPU
		{A88BE367-EA37-4A13-9C8D-A1EFC839F4CA}.Debug|Any CPU.Build.0 = Debug|Any CPU
		{A88BE367-EA37-4A13-9C8D-A1EFC839F4CA}.Release|Any CPU.ActiveCfg = Release|Any CPU
		{A88BE367-EA37-4A13-9C8D-A1EFC839F4CA}.Release|Any CPU.Build.0 = Release|Any CPU
		{30AA69D3-E614-4489-8797-F4B05FDDB946}.Debug|Any CPU.ActiveCfg = Debug|Any CPU
		{30AA69D3-E614-4489-8797-F4B05FDDB946}.Debug|Any CPU.Build.0 = Debug|Any CPU
		{30AA69D3-E614-4489-8797-F4B05FDDB946}.Release|Any CPU.ActiveCfg = Release|Any CPU
		{30AA69D3-E614-4489-8797-F4B05FDDB946}.Release|Any CPU.Build.0 = Release|Any CPU
	EndGlobalSection
EndGlobal
